
Microsoft Visual Studio Solution File, Format Version 12.00
# Visual Studio Version 16
VisualStudioVersion = 16.0.29230.47
MinimumVisualStudioVersion = 10.0.40219.1
Project("{FAE04EC0-301F-11D3-BF4B-00C04F79EFBC}") = "Paint", "Paint.csproj", "{93FE3A92-4EC9-4BBE-AA8F-A5C70C3C539D}"
EndProject
Global
	GlobalSection(SolutionConfigurationPlatforms) = preSolution
		Debug|Any CPU = Debug|Any CPU
		Release|Any CPU = Release|Any CPU
	EndGlobalSection
	GlobalSection(ProjectConfigurationPlatforms) = postSolution
		{93FE3A92-4EC9-4BBE-AA8F-A5C70C3C539D}.Debug|Any CPU.ActiveCfg = Debug|Any CPU
		{93FE3A92-4EC9-4BBE-AA8F-A5C70C3C539D}.Debug|Any CPU.Build.0 = Debug|Any CPU
		{93FE3A92-4EC9-4BBE-AA8F-A5C70C3C539D}.Release|Any CPU.ActiveCfg = Release|Any CPU
		{93FE3A92-4EC9-4BBE-AA8F-A5C70C3C539D}.Release|Any CPU.Build.0 = Release|Any CPU
	EndGlobalSection
	GlobalSection(SolutionProperties) = preSolution
		HideSolutionNode = FALSE
	EndGlobalSection
	GlobalSection(ExtensibilityGlobals) = postSolution
		SolutionGuid = {90355F6A-CEBD-4391-B3B1-D0C88DF0237A}
	EndGlobalSection
EndGlobal
